
Microsoft Visual Studio Solution File, Format Version 12.00
# Visual Studio 15
VisualStudioVersion = 15.0.28307.1062
MinimumVisualStudioVersion = 10.0.40219.1
Project("{FAE04EC0-301F-11D3-BF4B-00C04F79EFBC}") = "Dynamic.Tekla.Structures.API", "Dynamic.Tekla.Structures\Dynamic.Tekla.Structures.API.csproj", "{A2E884CA-BAF8-4EFB-9FEE-5FFB3E4A1397}"
EndProject
Project("{FAE04EC0-301F-11D3-BF4B-00C04F79EFBC}") = "CodeGenerator", "CodeGenerator\CodeGenerator.csproj", "{E550AE6D-4A98-4161-A396-487D704BF00F}"
EndProject
Project("{FAE04EC0-301F-11D3-BF4B-00C04F79EFBC}") = "TestConsoleApp", "TestConsoleApp\TestConsoleApp.csproj", "{DA871175-72B4-4F79-A17C-6E1601302DEB}"
EndProject
Project("{FAE04EC0-301F-11D3-BF4B-00C04F79EFBC}") = "CodeGenerator.Tests", "CodeGenerator.Tests\CodeGenerator.Tests.csproj", "{27DD7378-893A-467F-9E1D-C67E3138FC6C}"
EndProject
Project("{FAE04EC0-301F-11D3-BF4B-00C04F79EFBC}") = "Examples", "Examples\Examples.csproj", "{E2D71B5B-5EFD-42B8-B044-0A05E6EC0249}"
EndProject
Global
	GlobalSection(SolutionConfigurationPlatforms) = preSolution
		Debug|Any CPU = Debug|Any CPU
		Release|Any CPU = Release|Any CPU
	EndGlobalSection
	GlobalSection(ProjectConfigurationPlatforms) = postSolution
		{A2E884CA-BAF8-4EFB-9FEE-5FFB3E4A1397}.Debug|Any CPU.ActiveCfg = Debug|Any CPU
		{A2E884CA-BAF8-4EFB-9FEE-5FFB3E4A1397}.Debug|Any CPU.Build.0 = Debug|Any CPU
		{A2E884CA-BAF8-4EFB-9FEE-5FFB3E4A1397}.Release|Any CPU.ActiveCfg = Release|Any CPU
		{A2E884CA-BAF8-4EFB-9FEE-5FFB3E4A1397}.Release|Any CPU.Build.0 = Release|Any CPU
		{E550AE6D-4A98-4161-A396-487D704BF00F}.Debug|Any CPU.ActiveCfg = Debug|Any CPU
		{E550AE6D-4A98-4161-A396-487D704BF00F}.Debug|Any CPU.Build.0 = Debug|Any CPU
		{E550AE6D-4A98-4161-A396-487D704BF00F}.Release|Any CPU.ActiveCfg = Release|Any CPU
		{E550AE6D-4A98-4161-A396-487D704BF00F}.Release|Any CPU.Build.0 = Release|Any CPU
		{DA871175-72B4-4F79-A17C-6E1601302DEB}.Debug|Any CPU.ActiveCfg = Debug|Any CPU
		{DA871175-72B4-4F79-A17C-6E1601302DEB}.Debug|Any CPU.Build.0 = Debug|Any CPU
		{DA871175-72B4-4F79-A17C-6E1601302DEB}.Release|Any CPU.ActiveCfg = Release|Any CPU
		{DA871175-72B4-4F79-A17C-6E1601302DEB}.Release|Any CPU.Build.0 = Release|Any CPU
		{27DD7378-893A-467F-9E1D-C67E3138FC6C}.Debug|Any CPU.ActiveCfg = Debug|Any CPU
		{27DD7378-893A-467F-9E1D-C67E3138FC6C}.Debug|Any CPU.Build.0 = Debug|Any CPU
		{27DD7378-893A-467F-9E1D-C67E3138FC6C}.Release|Any CPU.ActiveCfg = Release|Any CPU
		{27DD7378-893A-467F-9E1D-C67E3138FC6C}.Release|Any CPU.Build.0 = Release|Any CPU
		{E2D71B5B-5EFD-42B8-B044-0A05E6EC0249}.Debug|Any CPU.ActiveCfg = Debug|Any CPU
		{E2D71B5B-5EFD-42B8-B044-0A05E6EC0249}.Debug|Any CPU.Build.0 = Debug|Any CPU
		{E2D71B5B-5EFD-42B8-B044-0A05E6EC0249}.Release|Any CPU.ActiveCfg = Release|Any CPU
		{E2D71B5B-5EFD-42B8-B044-0A05E6EC0249}.Release|Any CPU.Build.0 = Release|Any CPU
	EndGlobalSection
	GlobalSection(SolutionProperties) = preSolution
		HideSolutionNode = FALSE
	EndGlobalSection
	GlobalSection(ExtensibilityGlobals) = postSolution
		SolutionGuid = {A7E7948C-4224-4CB7-9B1F-12A1883F9F08}
	EndGlobalSection
EndGlobal
